{
  "requires": true,
  "lockfileVersion": 1,
  "dependencies": {
    "@types/google-apps-script": {
      "version": "0.0.49",
      "resolved": "https://registry.npmjs.org/@types/google-apps-script/-/google-apps-script-0.0.49.tgz",
      "integrity": "sha512-b1IK/YtPAppn2yWfMJ14bzGoLUw8FRW0vwjnZPVf+O3pheRf4bqQZu+UZGXNbbqy8GCDOuZSwR5ODtoTwP0Q1Q=="
    }
  }
}
